
Microsoft Visual Studio Solution File, Format Version 12.00
# Visual Studio Version 16
VisualStudioVersion = 16.0.29411.108
MinimumVisualStudioVersion = 10.0.40219.1
Project("{888888A0-9F3D-457C-B088-3A5042F75D52}") = "vscode", "vscode.pyproj", "{791E1C47-B2F0-4B6A-A01F-50AE9051B204}"
EndProject
Global
	GlobalSection(SolutionConfigurationPlatforms) = preSolution
		Debug|Any CPU = Debug|Any CPU
		Release|Any CPU = Release|Any CPU
	EndGlobalSection
	GlobalSection(ProjectConfigurationPlatforms) = postSolution
		{791E1C47-B2F0-4B6A-A01F-50AE9051B204}.Debug|Any CPU.ActiveCfg = Debug|Any CPU
		{791E1C47-B2F0-4B6A-A01F-50AE9051B204}.Release|Any CPU.ActiveCfg = Release|Any CPU
	EndGlobalSection
	GlobalSection(SolutionProperties) = preSolution
		HideSolutionNode = FALSE
	EndGlobalSection
	GlobalSection(ExtensibilityGlobals) = postSolution
		SolutionGuid = {B068288F-E8FF-46E1-B7DC-7D215FAF28C2}
	EndGlobalSection
EndGlobal
